
Microsoft Visual Studio Solution File, Format Version 12.00
# Visual Studio 2012
Project("{FAE04EC0-301F-11D3-BF4B-00C04F79EFBC}") = "GlowBeanGlow.Api", "GlowBeanGlow.Api\GlowBeanGlow.Api.csproj", "{3FD4F574-1828-4666-9C73-12BD8AA86E71}"
EndProject
Project("{FAE04EC0-301F-11D3-BF4B-00C04F79EFBC}") = "GlowBeanGlow.Api.Tests", "GlowBeanGlow.Api.Tests\GlowBeanGlow.Api.Tests.csproj", "{95A824B8-D865-4836-877E-C07D5DC76C19}"
EndProject
Project("{2150E333-8FDC-42A3-9474-1A3956D46DE8}") = "Solution Items", "Solution Items", "{0CDFE0F5-E63A-43EC-ADF0-B2EF48FCA39E}"
	ProjectSection(SolutionItems) = preProject
		GlowBeanGlow.Api.vsmdi = GlowBeanGlow.Api.vsmdi
		Local.testsettings = Local.testsettings
		TraceAndTestImpact.testsettings = TraceAndTestImpact.testsettings
	EndProjectSection
EndProject
Project("{FAE04EC0-301F-11D3-BF4B-00C04F79EFBC}") = "GlowBeanGlow.Api.TestInterface", "GlowBeanGlow.Api.TestInterface\GlowBeanGlow.Api.TestInterface.csproj", "{5F73F1E8-5377-4D87-9819-4DE72FF0BD6E}"
EndProject
Project("{2150E333-8FDC-42A3-9474-1A3956D46DE8}") = ".nuget", ".nuget", "{F17D3CDE-A70B-4D2B-9EBD-C9D4CE6C6097}"
	ProjectSection(SolutionItems) = preProject
		.nuget\NuGet.Config = .nuget\NuGet.Config
		.nuget\NuGet.exe = .nuget\NuGet.exe
		.nuget\NuGet.targets = .nuget\NuGet.targets
	EndProjectSection
EndProject
Global
	GlobalSection(TestCaseManagementSettings) = postSolution
		CategoryFile = GlowBeanGlow.Api.vsmdi
	EndGlobalSection
	GlobalSection(SolutionConfigurationPlatforms) = preSolution
		Debug|Any CPU = Debug|Any CPU
		Release|Any CPU = Release|Any CPU
	EndGlobalSection
	GlobalSection(ProjectConfigurationPlatforms) = postSolution
		{3FD4F574-1828-4666-9C73-12BD8AA86E71}.Debug|Any CPU.ActiveCfg = Debug|Any CPU
		{3FD4F574-1828-4666-9C73-12BD8AA86E71}.Debug|Any CPU.Build.0 = Debug|Any CPU
		{3FD4F574-1828-4666-9C73-12BD8AA86E71}.Release|Any CPU.ActiveCfg = Release|Any CPU
		{3FD4F574-1828-4666-9C73-12BD8AA86E71}.Release|Any CPU.Build.0 = Release|Any CPU
		{95A824B8-D865-4836-877E-C07D5DC76C19}.Debug|Any CPU.ActiveCfg = Debug|Any CPU
		{95A824B8-D865-4836-877E-C07D5DC76C19}.Debug|Any CPU.Build.0 = Debug|Any CPU
		{95A824B8-D865-4836-877E-C07D5DC76C19}.Release|Any CPU.ActiveCfg = Release|Any CPU
		{95A824B8-D865-4836-877E-C07D5DC76C19}.Release|Any CPU.Build.0 = Release|Any CPU
		{5F73F1E8-5377-4D87-9819-4DE72FF0BD6E}.Debug|Any CPU.ActiveCfg = Debug|Any CPU
		{5F73F1E8-5377-4D87-9819-4DE72FF0BD6E}.Debug|Any CPU.Build.0 = Debug|Any CPU
		{5F73F1E8-5377-4D87-9819-4DE72FF0BD6E}.Release|Any CPU.ActiveCfg = Release|Any CPU
		{5F73F1E8-5377-4D87-9819-4DE72FF0BD6E}.Release|Any CPU.Build.0 = Release|Any CPU
	EndGlobalSection
	GlobalSection(SolutionProperties) = preSolution
		HideSolutionNode = FALSE
	EndGlobalSection
EndGlobal
